// !$*UTF8*$!
{
	archiveVersion = 1;
	classes = {
	};
	objectVersion = 55;
	objects = {

/* Begin PBXBuildFile section */
		558D2AAE27F2E81D0003DC2B /* crate.jpg in Resources */ = {isa = PBXBuildFile; fileRef = 558D2AAC27F2E81D0003DC2B /* crate.jpg */; };
		558D2AAF27F2E81D0003DC2B /* map.jpg in Resources */ = {isa = PBXBuildFile; fileRef = 558D2AAD27F2E81D0003DC2B /* map.jpg */; };
		7944D33A27C61CC200CA1A56 /* Animal.swift in Sources */ = {isa = PBXBuildFile; fileRef = 7944D33927C61CC200CA1A56 /* Animal.swift */; };
		7944D33C27C6395500CA1A56 /* Store.swift in Sources */ = {isa = PBXBuildFile; fileRef = 7944D33B27C6395500CA1A56 /* Store.swift */; };
		7944D33E27C644B300CA1A56 /* Toy.swift in Sources */ = {isa = PBXBuildFile; fileRef = 7944D33D27C644B300CA1A56 /* Toy.swift */; };
		79AEC36D27F3BEA300114AD3 /* Animal Paws.ttf in Resources */ = {isa = PBXBuildFile; fileRef = 79AEC36927F3BEA300114AD3 /* Animal Paws.ttf */; };
		D58466682803AD04005F66DB /* anteater.png in Resources */ = {isa = PBXBuildFile; fileRef = D58466672803AD04005F66DB /* anteater.png */; };
		D584666A2803AD09005F66DB /* pig.png in Resources */ = {isa = PBXBuildFile; fileRef = D58466692803AD09005F66DB /* pig.png */; };
		D584666C2803B046005F66DB /* Box2D in Resources */ = {isa = PBXBuildFile; fileRef = D584666B2803B046005F66DB /* Box2D */; };
		D584666F2803B060005F66DB /* CBox2D.mm in Sources */ = {isa = PBXBuildFile; fileRef = D584666E2803B060005F66DB /* CBox2D.mm */; };
		D5A32B3727EFE00500BD0221 /* FoodHandler.swift in Sources */ = {isa = PBXBuildFile; fileRef = D5A32B3627EFE00500BD0221 /* FoodHandler.swift */; };
		D5DAEE9227C1F79900631DF9 /* CurrencyHandler.swift in Sources */ = {isa = PBXBuildFile; fileRef = D5DAEE9127C1F79900631DF9 /* CurrencyHandler.swift */; };
		D82C378227AE4B5D00256AD9 /* AppDelegate.swift in Sources */ = {isa = PBXBuildFile; fileRef = D82C378127AE4B5D00256AD9 /* AppDelegate.swift */; };
		D82C378427AE4B5D00256AD9 /* SceneDelegate.swift in Sources */ = {isa = PBXBuildFile; fileRef = D82C378327AE4B5D00256AD9 /* SceneDelegate.swift */; };
		D82C378627AE4B5D00256AD9 /* ViewController.swift in Sources */ = {isa = PBXBuildFile; fileRef = D82C378527AE4B5D00256AD9 /* ViewController.swift */; };
		D82C378927AE4B5D00256AD9 /* Main.storyboard in Resources */ = {isa = PBXBuildFile; fileRef = D82C378727AE4B5D00256AD9 /* Main.storyboard */; };
		D82C378B27AE4B5F00256AD9 /* Assets.xcassets in Resources */ = {isa = PBXBuildFile; fileRef = D82C378A27AE4B5F00256AD9 /* Assets.xcassets */; };
		D82C378E27AE4B5F00256AD9 /* LaunchScreen.storyboard in Resources */ = {isa = PBXBuildFile; fileRef = D82C378C27AE4B5F00256AD9 /* LaunchScreen.storyboard */; };
		D85032FF27C0E9310045BD14 /* GLESRenderer.cpp in Sources */ = {isa = PBXBuildFile; fileRef = D85032FD27C0E9310045BD14 /* GLESRenderer.cpp */; };
		D85876D927C1904D001E0FF6 /* parkbg.png in Resources */ = {isa = PBXBuildFile; fileRef = D85876D827C1904D001E0FF6 /* parkbg.png */; };
		D8F0C21227C11842002BA60B /* VertexShader.vsh in Resources */ = {isa = PBXBuildFile; fileRef = D8F0C21127C11842002BA60B /* VertexShader.vsh */; };
		D8F0C21427C11E69002BA60B /* FragmentShader.fsh in Resources */ = {isa = PBXBuildFile; fileRef = D8F0C21327C11E69002BA60B /* FragmentShader.fsh */; };
		D8F0C21727C11FFF002BA60B /* Renderer.mm in Sources */ = {isa = PBXBuildFile; fileRef = D8F0C21627C11FFF002BA60B /* Renderer.mm */; };
		EC00DAC427F4119B001C12E9 /* durgon.png in Resources */ = {isa = PBXBuildFile; fileRef = EC00DAC227F4119B001C12E9 /* durgon.png */; };
		EC00DAC527F4119B001C12E9 /* badger.png in Resources */ = {isa = PBXBuildFile; fileRef = EC00DAC327F4119B001C12E9 /* badger.png */; };
		EC03822027F1311100475DB3 /* MusicPlayer.swift in Sources */ = {isa = PBXBuildFile; fileRef = EC03821F27F1311100475DB3 /* MusicPlayer.swift */; };
		EC0D2E1427F3A98600CAFFDC /* ScoreHandler.swift in Sources */ = {isa = PBXBuildFile; fileRef = EC0D2E1327F3A98600CAFFDC /* ScoreHandler.swift */; };
		ECAB503127F2861F00A8C3E7 /* haru-ni-yosete.wav in Resources */ = {isa = PBXBuildFile; fileRef = ECAB503027F2861F00A8C3E7 /* haru-ni-yosete.wav */; };
		ECAB503327F28A3F00A8C3E7 /* musical-beep.wav in Resources */ = {isa = PBXBuildFile; fileRef = ECAB503227F28A3F00A8C3E7 /* musical-beep.wav */; };
/* End PBXBuildFile section */

/* Begin PBXFileReference section */
		558D2AAC27F2E81D0003DC2B /* crate.jpg */ = {isa = PBXFileReference; lastKnownFileType = image.jpeg; path = crate.jpg; sourceTree = "<group>"; };
		558D2AAD27F2E81D0003DC2B /* map.jpg */ = {isa = PBXFileReference; lastKnownFileType = image.jpeg; path = map.jpg; sourceTree = "<group>"; };
		7944D33927C61CC200CA1A56 /* Animal.swift */ = {isa = PBXFileReference; lastKnownFileType = sourcecode.swift; path = Animal.swift; sourceTree = "<group>"; };
		7944D33B27C6395500CA1A56 /* Store.swift */ = {isa = PBXFileReference; lastKnownFileType = sourcecode.swift; path = Store.swift; sourceTree = "<group>"; };
		7944D33D27C644B300CA1A56 /* Toy.swift */ = {isa = PBXFileReference; lastKnownFileType = sourcecode.swift; path = Toy.swift; sourceTree = "<group>"; };
		79AEC36927F3BEA300114AD3 /* Animal Paws.ttf */ = {isa = PBXFileReference; lastKnownFileType = file; path = "Animal Paws.ttf"; sourceTree = "<group>"; };
		D58466672803AD04005F66DB /* anteater.png */ = {isa = PBXFileReference; lastKnownFileType = image.png; path = anteater.png; sourceTree = "<group>"; };
		D58466692803AD09005F66DB /* pig.png */ = {isa = PBXFileReference; lastKnownFileType = image.png; path = pig.png; sourceTree = "<group>"; };
		D584666B2803B046005F66DB /* Box2D */ = {isa = PBXFileReference; lastKnownFileType = folder; path = Box2D; sourceTree = "<group>"; };
		D584666D2803B059005F66DB /* CBox2D.h */ = {isa = PBXFileReference; lastKnownFileType = sourcecode.c.h; path = CBox2D.h; sourceTree = "<group>"; };
		D584666E2803B060005F66DB /* CBox2D.mm */ = {isa = PBXFileReference; fileEncoding = 4; lastKnownFileType = sourcecode.cpp.objcpp; path = CBox2D.mm; sourceTree = "<group>"; };
		D5A32B3627EFE00500BD0221 /* FoodHandler.swift */ = {isa = PBXFileReference; lastKnownFileType = sourcecode.swift; path = FoodHandler.swift; sourceTree = "<group>"; };
		D5DAEE9127C1F79900631DF9 /* CurrencyHandler.swift */ = {isa = PBXFileReference; lastKnownFileType = sourcecode.swift; path = CurrencyHandler.swift; sourceTree = "<group>"; };
		D82C377E27AE4B5D00256AD9 /* AnimalPark.app */ = {isa = PBXFileReference; explicitFileType = wrapper.application; includeInIndex = 0; path = AnimalPark.app; sourceTree = BUILT_PRODUCTS_DIR; };
		D82C378127AE4B5D00256AD9 /* AppDelegate.swift */ = {isa = PBXFileReference; lastKnownFileType = sourcecode.swift; path = AppDelegate.swift; sourceTree = "<group>"; };
		D82C378327AE4B5D00256AD9 /* SceneDelegate.swift */ = {isa = PBXFileReference; lastKnownFileType = sourcecode.swift; path = SceneDelegate.swift; sourceTree = "<group>"; };
		D82C378527AE4B5D00256AD9 /* ViewController.swift */ = {isa = PBXFileReference; lastKnownFileType = sourcecode.swift; path = ViewController.swift; sourceTree = "<group>"; };
		D82C378827AE4B5D00256AD9 /* Base */ = {isa = PBXFileReference; lastKnownFileType = file.storyboard; name = Base; path = Base.lproj/Main.storyboard; sourceTree = "<group>"; };
		D82C378A27AE4B5F00256AD9 /* Assets.xcassets */ = {isa = PBXFileReference; lastKnownFileType = folder.assetcatalog; path = Assets.xcassets; sourceTree = "<group>"; };
		D82C378D27AE4B5F00256AD9 /* Base */ = {isa = PBXFileReference; lastKnownFileType = file.storyboard; name = Base; path = Base.lproj/LaunchScreen.storyboard; sourceTree = "<group>"; };
		D82C378F27AE4B5F00256AD9 /* Info.plist */ = {isa = PBXFileReference; lastKnownFileType = text.plist.xml; path = Info.plist; sourceTree = "<group>"; };
		D85032FC27C0E9310045BD14 /* AnimalPark-Bridging-Header.h */ = {isa = PBXFileReference; lastKnownFileType = sourcecode.c.h; path = "AnimalPark-Bridging-Header.h"; sourceTree = "<group>"; };
		D85032FD27C0E9310045BD14 /* GLESRenderer.cpp */ = {isa = PBXFileReference; lastKnownFileType = sourcecode.cpp.cpp; path = GLESRenderer.cpp; sourceTree = "<group>"; };
		D85032FE27C0E9310045BD14 /* GLESRenderer.hpp */ = {isa = PBXFileReference; lastKnownFileType = sourcecode.cpp.h; path = GLESRenderer.hpp; sourceTree = "<group>"; };
		D85876D827C1904D001E0FF6 /* parkbg.png */ = {isa = PBXFileReference; lastKnownFileType = image.png; path = parkbg.png; sourceTree = "<group>"; };
		D8F0C21127C11842002BA60B /* VertexShader.vsh */ = {isa = PBXFileReference; lastKnownFileType = sourcecode.glsl; path = VertexShader.vsh; sourceTree = "<group>"; };
		D8F0C21327C11E69002BA60B /* FragmentShader.fsh */ = {isa = PBXFileReference; lastKnownFileType = sourcecode.glsl; path = FragmentShader.fsh; sourceTree = "<group>"; };
		D8F0C21627C11FFF002BA60B /* Renderer.mm */ = {isa = PBXFileReference; lastKnownFileType = sourcecode.cpp.objcpp; path = Renderer.mm; sourceTree = "<group>"; };
		D8F0C21827C12046002BA60B /* Renderer.h */ = {isa = PBXFileReference; lastKnownFileType = sourcecode.c.h; path = Renderer.h; sourceTree = "<group>"; };
		EC00DAC227F4119B001C12E9 /* durgon.png */ = {isa = PBXFileReference; lastKnownFileType = image.png; path = durgon.png; sourceTree = "<group>"; };
		EC00DAC327F4119B001C12E9 /* badger.png */ = {isa = PBXFileReference; lastKnownFileType = image.png; path = badger.png; sourceTree = "<group>"; };
		EC03821F27F1311100475DB3 /* MusicPlayer.swift */ = {isa = PBXFileReference; lastKnownFileType = sourcecode.swift; path = MusicPlayer.swift; sourceTree = "<group>"; };
		EC0D2E1327F3A98600CAFFDC /* ScoreHandler.swift */ = {isa = PBXFileReference; lastKnownFileType = sourcecode.swift; path = ScoreHandler.swift; sourceTree = "<group>"; };
		ECAB503027F2861F00A8C3E7 /* haru-ni-yosete.wav */ = {isa = PBXFileReference; lastKnownFileType = audio.wav; path = "haru-ni-yosete.wav"; sourceTree = "<group>"; };
		ECAB503227F28A3F00A8C3E7 /* musical-beep.wav */ = {isa = PBXFileReference; lastKnownFileType = audio.wav; path = "musical-beep.wav"; sourceTree = "<group>"; };
/* End PBXFileReference section */

/* Begin PBXFrameworksBuildPhase section */
		D82C377B27AE4B5D00256AD9 /* Frameworks */ = {
			isa = PBXFrameworksBuildPhase;
			buildActionMask = 2147483647;
			files = (
			);
			runOnlyForDeploymentPostprocessing = 0;
		};
/* End PBXFrameworksBuildPhase section */

/* Begin PBXGroup section */
		7944D33827C61CB200CA1A56 /* Data */ = {
			isa = PBXGroup;
			children = (
				7944D33927C61CC200CA1A56 /* Animal.swift */,
				7944D33B27C6395500CA1A56 /* Store.swift */,
				7944D33D27C644B300CA1A56 /* Toy.swift */,
			);
			path = Data;
			sourceTree = "<group>";
		};
		79AEC36527F3BEA300114AD3 /* Fonts */ = {
			isa = PBXGroup;
			children = (
				79AEC36627F3BEA300114AD3 /* animal-paws */,
			);
			path = Fonts;
			sourceTree = SOURCE_ROOT;
		};
		79AEC36627F3BEA300114AD3 /* animal-paws */ = {
			isa = PBXGroup;
			children = (
				79AEC36927F3BEA300114AD3 /* Animal Paws.ttf */,
			);
			path = "animal-paws";
			sourceTree = "<group>";
		};
		D82C377527AE4B5D00256AD9 = {
			isa = PBXGroup;
			children = (
				D584666E2803B060005F66DB /* CBox2D.mm */,
				D584666D2803B059005F66DB /* CBox2D.h */,
				D584666B2803B046005F66DB /* Box2D */,
				EC0D2E1327F3A98600CAFFDC /* ScoreHandler.swift */,
				EC03822127F1370600475DB3 /* Audio */,
				EC03821F27F1311100475DB3 /* MusicPlayer.swift */,
				D5A32B3627EFE00500BD0221 /* FoodHandler.swift */,
				D5DAEE9127C1F79900631DF9 /* CurrencyHandler.swift */,
				7944D33827C61CB200CA1A56 /* Data */,
				D85876D727C1904D001E0FF6 /* Textures */,
				D8F0C21527C11FBC002BA60B /* Renderer */,
				D8F0C21027C11657002BA60B /* Shaders */,
				79AEC36527F3BEA300114AD3 /* Fonts */,
				D82C378027AE4B5D00256AD9 /* AnimalPark */,
				D82C377F27AE4B5D00256AD9 /* Products */,
			);
			sourceTree = "<group>";
		};
		D82C377F27AE4B5D00256AD9 /* Products */ = {
			isa = PBXGroup;
			children = (
				D82C377E27AE4B5D00256AD9 /* AnimalPark.app */,
			);
			name = Products;
			sourceTree = "<group>";
		};
		D82C378027AE4B5D00256AD9 /* AnimalPark */ = {
			isa = PBXGroup;
			children = (
				D85032FD27C0E9310045BD14 /* GLESRenderer.cpp */,
				D85032FE27C0E9310045BD14 /* GLESRenderer.hpp */,
				D82C378127AE4B5D00256AD9 /* AppDelegate.swift */,
				D82C378327AE4B5D00256AD9 /* SceneDelegate.swift */,
				D82C378527AE4B5D00256AD9 /* ViewController.swift */,
				D82C378727AE4B5D00256AD9 /* Main.storyboard */,
				D82C378A27AE4B5F00256AD9 /* Assets.xcassets */,
				D82C378C27AE4B5F00256AD9 /* LaunchScreen.storyboard */,
				D82C378F27AE4B5F00256AD9 /* Info.plist */,
				D85032FC27C0E9310045BD14 /* AnimalPark-Bridging-Header.h */,
			);
			path = AnimalPark;
			sourceTree = "<group>";
		};
		D85876D727C1904D001E0FF6 /* Textures */ = {
			isa = PBXGroup;
			children = (
				D58466692803AD09005F66DB /* pig.png */,
				D58466672803AD04005F66DB /* anteater.png */,
				EC00DAC327F4119B001C12E9 /* badger.png */,
				EC00DAC227F4119B001C12E9 /* durgon.png */,
				558D2AAC27F2E81D0003DC2B /* crate.jpg */,
				558D2AAD27F2E81D0003DC2B /* map.jpg */,
				D85876D827C1904D001E0FF6 /* parkbg.png */,
			);
			path = Textures;
			sourceTree = "<group>";
		};
		D8F0C21027C11657002BA60B /* Shaders */ = {
			isa = PBXGroup;
			children = (
				D8F0C21127C11842002BA60B /* VertexShader.vsh */,
				D8F0C21327C11E69002BA60B /* FragmentShader.fsh */,
			);
			path = Shaders;
			sourceTree = "<group>";
		};
		D8F0C21527C11FBC002BA60B /* Renderer */ = {
			isa = PBXGroup;
			children = (
				D8F0C21627C11FFF002BA60B /* Renderer.mm */,
				D8F0C21827C12046002BA60B /* Renderer.h */,
			);
			path = Renderer;
			sourceTree = "<group>";
		};
		EC03822127F1370600475DB3 /* Audio */ = {
			isa = PBXGroup;
			children = (
				ECAB503227F28A3F00A8C3E7 /* musical-beep.wav */,
				ECAB503027F2861F00A8C3E7 /* haru-ni-yosete.wav */,
			);
			path = Audio;
			sourceTree = "<group>";
		};
/* End PBXGroup section */

/* Begin PBXNativeTarget section */
		D82C377D27AE4B5D00256AD9 /* AnimalPark */ = {
			isa = PBXNativeTarget;
			buildConfigurationList = D82C379227AE4B5F00256AD9 /* Build configuration list for PBXNativeTarget "AnimalPark" */;
			buildPhases = (
				D82C377A27AE4B5D00256AD9 /* Sources */,
				D82C377B27AE4B5D00256AD9 /* Frameworks */,
				D82C377C27AE4B5D00256AD9 /* Resources */,
			);
			buildRules = (
			);
			dependencies = (
			);
			name = AnimalPark;
			productName = AnimalPark;
			productReference = D82C377E27AE4B5D00256AD9 /* AnimalPark.app */;
			productType = "com.apple.product-type.application";
		};
/* End PBXNativeTarget section */

/* Begin PBXProject section */
		D82C377627AE4B5D00256AD9 /* Project object */ = {
			isa = PBXProject;
			attributes = {
				BuildIndependentTargetsInParallel = 1;
				LastSwiftUpdateCheck = 1320;
				LastUpgradeCheck = 1320;
				TargetAttributes = {
					D82C377D27AE4B5D00256AD9 = {
						CreatedOnToolsVersion = 13.2.1;
						LastSwiftMigration = 1320;
					};
				};
			};
			buildConfigurationList = D82C377927AE4B5D00256AD9 /* Build configuration list for PBXProject "AnimalPark" */;
			compatibilityVersion = "Xcode 13.0";
			developmentRegion = en;
			hasScannedForEncodings = 0;
			knownRegions = (
				en,
				Base,
			);
			mainGroup = D82C377527AE4B5D00256AD9;
			productRefGroup = D82C377F27AE4B5D00256AD9 /* Products */;
			projectDirPath = "";
			projectRoot = "";
			targets = (
				D82C377D27AE4B5D00256AD9 /* AnimalPark */,
			);
		};
/* End PBXProject section */

/* Begin PBXResourcesBuildPhase section */
		D82C377C27AE4B5D00256AD9 /* Resources */ = {
			isa = PBXResourcesBuildPhase;
			buildActionMask = 2147483647;
			files = (
				D584666A2803AD09005F66DB /* pig.png in Resources */,
				EC00DAC427F4119B001C12E9 /* durgon.png in Resources */,
				79AEC36D27F3BEA300114AD3 /* Animal Paws.ttf in Resources */,
				558D2AAE27F2E81D0003DC2B /* crate.jpg in Resources */,
				D584666C2803B046005F66DB /* Box2D in Resources */,
				EC00DAC527F4119B001C12E9 /* badger.png in Resources */,
				D8F0C21227C11842002BA60B /* VertexShader.vsh in Resources */,
				D58466682803AD04005F66DB /* anteater.png in Resources */,
				D8F0C21427C11E69002BA60B /* FragmentShader.fsh in Resources */,
				ECAB503127F2861F00A8C3E7 /* haru-ni-yosete.wav in Resources */,
				558D2AAF27F2E81D0003DC2B /* map.jpg in Resources */,
				ECAB503327F28A3F00A8C3E7 /* musical-beep.wav in Resources */,
				D82C378E27AE4B5F00256AD9 /* LaunchScreen.storyboard in Resources */,
				D82C378B27AE4B5F00256AD9 /* Assets.xcassets in Resources */,
				D82C378927AE4B5D00256AD9 /* Main.storyboard in Resources */,
				D85876D927C1904D001E0FF6 /* parkbg.png in Resources */,
			);
			runOnlyForDeploymentPostprocessing = 0;
		};
/* End PBXResourcesBuildPhase section */

/* Begin PBXSourcesBuildPhase section */
		D82C377A27AE4B5D00256AD9 /* Sources */ = {
			isa = PBXSourcesBuildPhase;
			buildActionMask = 2147483647;
			files = (
				EC03822027F1311100475DB3 /* MusicPlayer.swift in Sources */,
				D82C378627AE4B5D00256AD9 /* ViewController.swift in Sources */,
				D82C378227AE4B5D00256AD9 /* AppDelegate.swift in Sources */,
				D82C378427AE4B5D00256AD9 /* SceneDelegate.swift in Sources */,
				7944D33C27C6395500CA1A56 /* Store.swift in Sources */,
				D8F0C21727C11FFF002BA60B /* Renderer.mm in Sources */,
				7944D33A27C61CC200CA1A56 /* Animal.swift in Sources */,
				EC0D2E1427F3A98600CAFFDC /* ScoreHandler.swift in Sources */,
				7944D33E27C644B300CA1A56 /* Toy.swift in Sources */,
				D85032FF27C0E9310045BD14 /* GLESRenderer.cpp in Sources */,
				D584666F2803B060005F66DB /* CBox2D.mm in Sources */,
				D5DAEE9227C1F79900631DF9 /* CurrencyHandler.swift in Sources */,
				D5A32B3727EFE00500BD0221 /* FoodHandler.swift in Sources */,
			);
			runOnlyForDeploymentPostprocessing = 0;
		};
/* End PBXSourcesBuildPhase section */

/* Begin PBXVariantGroup section */
		D82C378727AE4B5D00256AD9 /* Main.storyboard */ = {
			isa = PBXVariantGroup;
			children = (
				D82C378827AE4B5D00256AD9 /* Base */,
			);
			name = Main.storyboard;
			sourceTree = "<group>";
		};
		D82C378C27AE4B5F00256AD9 /* LaunchScreen.storyboard */ = {
			isa = PBXVariantGroup;
			children = (
				D82C378D27AE4B5F00256AD9 /* Base */,
			);
			name = LaunchScreen.storyboard;
			sourceTree = "<group>";
		};
/* End PBXVariantGroup section */

/* Begin XCBuildConfiguration section */
		D82C379027AE4B5F00256AD9 /* Debug */ = {
			isa = XCBuildConfiguration;
			buildSettings = {
				ALWAYS_SEARCH_USER_PATHS = NO;
				CLANG_ANALYZER_NONNULL = YES;
				CLANG_ANALYZER_NUMBER_OBJECT_CONVERSION = YES_AGGRESSIVE;
				CLANG_CXX_LANGUAGE_STANDARD = "gnu++17";
				CLANG_CXX_LIBRARY = "libc++";
				CLANG_ENABLE_MODULES = YES;
				CLANG_ENABLE_OBJC_ARC = YES;
				CLANG_ENABLE_OBJC_WEAK = YES;
				CLANG_WARN_BLOCK_CAPTURE_AUTORELEASING = YES;
				CLANG_WARN_BOOL_CONVERSION = YES;
				CLANG_WARN_COMMA = YES;
				CLANG_WARN_CONSTANT_CONVERSION = YES;
				CLANG_WARN_DEPRECATED_OBJC_IMPLEMENTATIONS = YES;
				CLANG_WARN_DIRECT_OBJC_ISA_USAGE = YES_ERROR;
				CLANG_WARN_DOCUMENTATION_COMMENTS = YES;
				CLANG_WARN_EMPTY_BODY = YES;
				CLANG_WARN_ENUM_CONVERSION = YES;
				CLANG_WARN_INFINITE_RECURSION = YES;
				CLANG_WARN_INT_CONVERSION = YES;
				CLANG_WARN_NON_LITERAL_NULL_CONVERSION = YES;
				CLANG_WARN_OBJC_IMPLICIT_RETAIN_SELF = YES;
				CLANG_WARN_OBJC_LITERAL_CONVERSION = YES;
				CLANG_WARN_OBJC_ROOT_CLASS = YES_ERROR;
				CLANG_WARN_QUOTED_INCLUDE_IN_FRAMEWORK_HEADER = YES;
				CLANG_WARN_RANGE_LOOP_ANALYSIS = YES;
				CLANG_WARN_STRICT_PROTOTYPES = YES;
				CLANG_WARN_SUSPICIOUS_MOVE = YES;
				CLANG_WARN_UNGUARDED_AVAILABILITY = YES_AGGRESSIVE;
				CLANG_WARN_UNREACHABLE_CODE = YES;
				CLANG_WARN__DUPLICATE_METHOD_MATCH = YES;
				COPY_PHASE_STRIP = NO;
				DEBUG_INFORMATION_FORMAT = dwarf;
				ENABLE_STRICT_OBJC_MSGSEND = YES;
				ENABLE_TESTABILITY = YES;
				GCC_C_LANGUAGE_STANDARD = gnu11;
				GCC_DYNAMIC_NO_PIC = NO;
				GCC_NO_COMMON_BLOCKS = YES;
				GCC_OPTIMIZATION_LEVEL = 0;
				GCC_PREPROCESSOR_DEFINITIONS = (
					"DEBUG=1",
					"$(inherited)",
				);
				GCC_WARN_64_TO_32_BIT_CONVERSION = YES;
				GCC_WARN_ABOUT_RETURN_TYPE = YES_ERROR;
				GCC_WARN_UNDECLARED_SELECTOR = YES;
				GCC_WARN_UNINITIALIZED_AUTOS = YES_AGGRESSIVE;
				GCC_WARN_UNUSED_FUNCTION = YES;
				GCC_WARN_UNUSED_VARIABLE = YES;
				IPHONEOS_DEPLOYMENT_TARGET = 15.2;
				MTL_ENABLE_DEBUG_INFO = INCLUDE_SOURCE;
				MTL_FAST_MATH = YES;
				ONLY_ACTIVE_ARCH = YES;
				SDKROOT = iphoneos;
				SWIFT_ACTIVE_COMPILATION_CONDITIONS = DEBUG;
				SWIFT_OPTIMIZATION_LEVEL = "-Onone";
			};
			name = Debug;
		};
		D82C379127AE4B5F00256AD9 /* Release */ = {
			isa = XCBuildConfiguration;
			buildSettings = {
				ALWAYS_SEARCH_USER_PATHS = NO;
				CLANG_ANALYZER_NONNULL = YES;
				CLANG_ANALYZER_NUMBER_OBJECT_CONVERSION = YES_AGGRESSIVE;
				CLANG_CXX_LANGUAGE_STANDARD = "gnu++17";
				CLANG_CXX_LIBRARY = "libc++";
				CLANG_ENABLE_MODULES = YES;
				CLANG_ENABLE_OBJC_ARC = YES;
				CLANG_ENABLE_OBJC_WEAK = YES;
				CLANG_WARN_BLOCK_CAPTURE_AUTORELEASING = YES;
				CLANG_WARN_BOOL_CONVERSION = YES;
				CLANG_WARN_COMMA = YES;
				CLANG_WARN_CONSTANT_CONVERSION = YES;
				CLANG_WARN_DEPRECATED_OBJC_IMPLEMENTATIONS = YES;
				CLANG_WARN_DIRECT_OBJC_ISA_USAGE = YES_ERROR;
				CLANG_WARN_DOCUMENTATION_COMMENTS = YES;
				CLANG_WARN_EMPTY_BODY = YES;
				CLANG_WARN_ENUM_CONVERSION = YES;
				CLANG_WARN_INFINITE_RECURSION = YES;
				CLANG_WARN_INT_CONVERSION = YES;
				CLANG_WARN_NON_LITERAL_NULL_CONVERSION = YES;
				CLANG_WARN_OBJC_IMPLICIT_RETAIN_SELF = YES;
				CLANG_WARN_OBJC_LITERAL_CONVERSION = YES;
				CLANG_WARN_OBJC_ROOT_CLASS = YES_ERROR;
				CLANG_WARN_QUOTED_INCLUDE_IN_FRAMEWORK_HEADER = YES;
				CLANG_WARN_RANGE_LOOP_ANALYSIS = YES;
				CLANG_WARN_STRICT_PROTOTYPES = YES;
				CLANG_WARN_SUSPICIOUS_MOVE = YES;
				CLANG_WARN_UNGUARDED_AVAILABILITY = YES_AGGRESSIVE;
				CLANG_WARN_UNREACHABLE_CODE = YES;
				CLANG_WARN__DUPLICATE_METHOD_MATCH = YES;
				COPY_PHASE_STRIP = NO;
				DEBUG_INFORMATION_FORMAT = "dwarf-with-dsym";
				ENABLE_NS_ASSERTIONS = NO;
				ENABLE_STRICT_OBJC_MSGSEND = YES;
				GCC_C_LANGUAGE_STANDARD = gnu11;
				GCC_NO_COMMON_BLOCKS = YES;
				GCC_WARN_64_TO_32_BIT_CONVERSION = YES;
				GCC_WARN_ABOUT_RETURN_TYPE = YES_ERROR;
				GCC_WARN_UNDECLARED_SELECTOR = YES;
				GCC_WARN_UNINITIALIZED_AUTOS = YES_AGGRESSIVE;
				GCC_WARN_UNUSED_FUNCTION = YES;
				GCC_WARN_UNUSED_VARIABLE = YES;
				IPHONEOS_DEPLOYMENT_TARGET = 15.2;
				MTL_ENABLE_DEBUG_INFO = NO;
				MTL_FAST_MATH = YES;
				SDKROOT = iphoneos;
				SWIFT_COMPILATION_MODE = wholemodule;
				SWIFT_OPTIMIZATION_LEVEL = "-O";
				VALIDATE_PRODUCT = YES;
			};
			name = Release;
		};
		D82C379327AE4B5F00256AD9 /* Debug */ = {
			isa = XCBuildConfiguration;
			buildSettings = {
				ASSETCATALOG_COMPILER_APPICON_NAME = AppIcon;
				ASSETCATALOG_COMPILER_GLOBAL_ACCENT_COLOR_NAME = AccentColor;
				CLANG_ENABLE_MODULES = YES;
				CODE_SIGN_STYLE = Automatic;
				CURRENT_PROJECT_VERSION = 1;
				DEVELOPMENT_TEAM = TX9XXCUN3H;
				GCC_PREPROCESSOR_DEFINITIONS = (
					GLES_SILENCE_DEPRECATION,
					"DEBUG=1",
					"$(inherited)",
				);
				GENERATE_INFOPLIST_FILE = YES;
				INFOPLIST_FILE = AnimalPark/Info.plist;
				INFOPLIST_KEY_UIApplicationSupportsIndirectInputEvents = YES;
				INFOPLIST_KEY_UILaunchStoryboardName = LaunchScreen;
				INFOPLIST_KEY_UIMainStoryboardFile = Main;
				INFOPLIST_KEY_UISupportedInterfaceOrientations_iPad = "UIInterfaceOrientationPortrait UIInterfaceOrientationPortraitUpsideDown UIInterfaceOrientationLandscapeLeft UIInterfaceOrientationLandscapeRight";
				INFOPLIST_KEY_UISupportedInterfaceOrientations_iPhone = "UIInterfaceOrientationPortrait UIInterfaceOrientationLandscapeLeft UIInterfaceOrientationLandscapeRight";
				LD_RUNPATH_SEARCH_PATHS = (
					"$(inherited)",
					"@executable_path/Frameworks",
				);
				MARKETING_VERSION = 1.0;
				PRODUCT_BUNDLE_IDENTIFIER = ca.btechgames.AnimalPark;
				PRODUCT_NAME = "$(TARGET_NAME)";
				SWIFT_EMIT_LOC_STRINGS = YES;
				SWIFT_OBJC_BRIDGING_HEADER = "AnimalPark/AnimalPark-Bridging-Header.h";
				SWIFT_OPTIMIZATION_LEVEL = "-Onone";
				SWIFT_VERSION = 5.0;
				TARGETED_DEVICE_FAMILY = "1,2";
			};
			name = Debug;
		};
		D82C379427AE4B5F00256AD9 /* Release */ = {
			isa = XCBuildConfiguration;
			buildSettings = {
				ASSETCATALOG_COMPILER_APPICON_NAME = AppIcon;
				ASSETCATALOG_COMPILER_GLOBAL_ACCENT_COLOR_NAME = AccentColor;
				CLANG_ENABLE_MODULES = YES;
				CODE_SIGN_STYLE = Automatic;
				CURRENT_PROJECT_VERSION = 1;
				DEVELOPMENT_TEAM = TX9XXCUN3H;
				GCC_PREPROCESSOR_DEFINITIONS = GLES_SILENCE_DEPRECATION;
				GENERATE_INFOPLIST_FILE = YES;
				INFOPLIST_FILE = AnimalPark/Info.plist;
				INFOPLIST_KEY_UIApplicationSupportsIndirectInputEvents = YES;
				INFOPLIST_KEY_UILaunchStoryboardName = LaunchScreen;
				INFOPLIST_KEY_UIMainStoryboardFile = Main;
				INFOPLIST_KEY_UISupportedInterfaceOrientations_iPad = "UIInterfaceOrientationPortrait UIInterfaceOrientationPortraitUpsideDown UIInterfaceOrientationLandscapeLeft UIInterfaceOrientationLandscapeRight";
				INFOPLIST_KEY_UISupportedInterfaceOrientations_iPhone = "UIInterfaceOrientationPortrait UIInterfaceOrientationLandscapeLeft UIInterfaceOrientationLandscapeRight";
				LD_RUNPATH_SEARCH_PATHS = (
					"$(inherited)",
					"@executable_path/Frameworks",
				);
				MARKETING_VERSION = 1.0;
				PRODUCT_BUNDLE_IDENTIFIER = ca.btechgames.AnimalPark;
				PRODUCT_NAME = "$(TARGET_NAME)";
				SWIFT_EMIT_LOC_STRINGS = YES;
				SWIFT_OBJC_BRIDGING_HEADER = "AnimalPark/AnimalPark-Bridging-Header.h";
				SWIFT_VERSION = 5.0;
				TARGETED_DEVICE_FAMILY = "1,2";
			};
			name = Release;
		};
/* End XCBuildConfiguration section */

/* Begin XCConfigurationList section */
		D82C377927AE4B5D00256AD9 /* Build configuration list for PBXProject "AnimalPark" */ = {
			isa = XCConfigurationList;
			buildConfigurations = (
				D82C379027AE4B5F00256AD9 /* Debug */,
				D82C379127AE4B5F00256AD9 /* Release */,
			);
			defaultConfigurationIsVisible = 0;
			defaultConfigurationName = Release;
		};
		D82C379227AE4B5F00256AD9 /* Build configuration list for PBXNativeTarget "AnimalPark" */ = {
			isa = XCConfigurationList;
			buildConfigurations = (
				D82C379327AE4B5F00256AD9 /* Debug */,
				D82C379427AE4B5F00256AD9 /* Release */,
			);
			defaultConfigurationIsVisible = 0;
			defaultConfigurationName = Release;
		};
/* End XCConfigurationList section */
	};
	rootObject = D82C377627AE4B5D00256AD9 /* Project object */;
}
